
Microsoft Visual Studio Solution File, Format Version 12.00
# Visual Studio Version 17
VisualStudioVersion = 17.0.31903.59
MinimumVisualStudioVersion = 10.0.40219.1
Project("{FAE04EC0-301F-11D3-BF4B-00C04F79EFBC}") = "Day01", "Day01\Day01.csproj", "{B2E58C60-7EC3-4311-A4F5-EF988A8E2B86}"
EndProject
Project("{FAE04EC0-301F-11D3-BF4B-00C04F79EFBC}") = "Day02", "Day02\Day02.csproj", "{47D342F7-90D9-47E4-857A-B43F9E0FD879}"
EndProject
Project("{FAE04EC0-301F-11D3-BF4B-00C04F79EFBC}") = "Day03", "Day03\Day03.csproj", "{B519B3EB-9F93-4072-959E-6AF7910CB9C3}"
EndProject
Project("{FAE04EC0-301F-11D3-BF4B-00C04F79EFBC}") = "Day04", "Day04\Day04.csproj", "{C7EB9778-5501-4FD4-8C3A-DEECDCA6E14D}"
EndProject
Project("{FAE04EC0-301F-11D3-BF4B-00C04F79EFBC}") = "Day05", "Day05\Day05.csproj", "{C2FD0B2C-1433-409C-ADA0-CD1F5CFC5166}"
EndProject
Project("{FAE04EC0-301F-11D3-BF4B-00C04F79EFBC}") = "Day06", "Day06\Day06.csproj", "{6C4E91EB-2C90-49E9-939A-42EA83EF13B1}"
EndProject
Global
	GlobalSection(SolutionConfigurationPlatforms) = preSolution
		Debug|Any CPU = Debug|Any CPU
		Release|Any CPU = Release|Any CPU
	EndGlobalSection
	GlobalSection(SolutionProperties) = preSolution
		HideSolutionNode = FALSE
	EndGlobalSection
	GlobalSection(ProjectConfigurationPlatforms) = postSolution
		{B2E58C60-7EC3-4311-A4F5-EF988A8E2B86}.Debug|Any CPU.ActiveCfg = Debug|Any CPU
		{B2E58C60-7EC3-4311-A4F5-EF988A8E2B86}.Debug|Any CPU.Build.0 = Debug|Any CPU
		{B2E58C60-7EC3-4311-A4F5-EF988A8E2B86}.Release|Any CPU.ActiveCfg = Release|Any CPU
		{B2E58C60-7EC3-4311-A4F5-EF988A8E2B86}.Release|Any CPU.Build.0 = Release|Any CPU
		{47D342F7-90D9-47E4-857A-B43F9E0FD879}.Debug|Any CPU.ActiveCfg = Debug|Any CPU
		{47D342F7-90D9-47E4-857A-B43F9E0FD879}.Debug|Any CPU.Build.0 = Debug|Any CPU
		{47D342F7-90D9-47E4-857A-B43F9E0FD879}.Release|Any CPU.ActiveCfg = Release|Any CPU
		{47D342F7-90D9-47E4-857A-B43F9E0FD879}.Release|Any CPU.Build.0 = Release|Any CPU
		{B519B3EB-9F93-4072-959E-6AF7910CB9C3}.Debug|Any CPU.ActiveCfg = Debug|Any CPU
		{B519B3EB-9F93-4072-959E-6AF7910CB9C3}.Debug|Any CPU.Build.0 = Debug|Any CPU
		{B519B3EB-9F93-4072-959E-6AF7910CB9C3}.Release|Any CPU.ActiveCfg = Release|Any CPU
		{B519B3EB-9F93-4072-959E-6AF7910CB9C3}.Release|Any CPU.Build.0 = Release|Any CPU
		{C7EB9778-5501-4FD4-8C3A-DEECDCA6E14D}.Debug|Any CPU.ActiveCfg = Debug|Any CPU
		{C7EB9778-5501-4FD4-8C3A-DEECDCA6E14D}.Debug|Any CPU.Build.0 = Debug|Any CPU
		{C7EB9778-5501-4FD4-8C3A-DEECDCA6E14D}.Release|Any CPU.ActiveCfg = Release|Any CPU
		{C7EB9778-5501-4FD4-8C3A-DEECDCA6E14D}.Release|Any CPU.Build.0 = Release|Any CPU
		{C2FD0B2C-1433-409C-ADA0-CD1F5CFC5166}.Debug|Any CPU.ActiveCfg = Debug|Any CPU
		{C2FD0B2C-1433-409C-ADA0-CD1F5CFC5166}.Debug|Any CPU.Build.0 = Debug|Any CPU
		{C2FD0B2C-1433-409C-ADA0-CD1F5CFC5166}.Release|Any CPU.ActiveCfg = Release|Any CPU
		{C2FD0B2C-1433-409C-ADA0-CD1F5CFC5166}.Release|Any CPU.Build.0 = Release|Any CPU
		{6C4E91EB-2C90-49E9-939A-42EA83EF13B1}.Debug|Any CPU.ActiveCfg = Debug|Any CPU
		{6C4E91EB-2C90-49E9-939A-42EA83EF13B1}.Debug|Any CPU.Build.0 = Debug|Any CPU
		{6C4E91EB-2C90-49E9-939A-42EA83EF13B1}.Release|Any CPU.ActiveCfg = Release|Any CPU
		{6C4E91EB-2C90-49E9-939A-42EA83EF13B1}.Release|Any CPU.Build.0 = Release|Any CPU
	EndGlobalSection
EndGlobal
